
Microsoft Visual Studio Solution File, Format Version 12.00
# Visual Studio Version 16
VisualStudioVersion = 16.0.30907.101
MinimumVisualStudioVersion = 10.0.40219.1
Project("{FAE04EC0-301F-11D3-BF4B-00C04F79EFBC}") = "aplikacja-okienkowa-2", "aplikacja-okienkowa-2\aplikacja-okienkowa-2.csproj", "{16711965-FE6E-4055-8A0A-6E0D64460ADC}"
EndProject
Global
	GlobalSection(SolutionConfigurationPlatforms) = preSolution
		Debug|Any CPU = Debug|Any CPU
		Release|Any CPU = Release|Any CPU
	EndGlobalSection
	GlobalSection(ProjectConfigurationPlatforms) = postSolution
		{16711965-FE6E-4055-8A0A-6E0D64460ADC}.Debug|Any CPU.ActiveCfg = Debug|Any CPU
		{16711965-FE6E-4055-8A0A-6E0D64460ADC}.Debug|Any CPU.Build.0 = Debug|Any CPU
		{16711965-FE6E-4055-8A0A-6E0D64460ADC}.Release|Any CPU.ActiveCfg = Release|Any CPU
		{16711965-FE6E-4055-8A0A-6E0D64460ADC}.Release|Any CPU.Build.0 = Release|Any CPU
	EndGlobalSection
	GlobalSection(SolutionProperties) = preSolution
		HideSolutionNode = FALSE
	EndGlobalSection
	GlobalSection(ExtensibilityGlobals) = postSolution
		SolutionGuid = {CFBF8811-8582-4D84-A03F-80C07A4C114C}
	EndGlobalSection
EndGlobal
