
Microsoft Visual Studio Solution File, Format Version 12.00
# Visual Studio Version 16
VisualStudioVersion = 16.0.30907.101
MinimumVisualStudioVersion = 10.0.40219.1
Project("{FAE04EC0-301F-11D3-BF4B-00C04F79EFBC}") = "aplikacjaOkienkowa", "aplikacjaOkienkowa\aplikacjaOkienkowa.csproj", "{2285CFA7-2CA6-436D-B396-9B8DC0F016A2}"
EndProject
Global
	GlobalSection(SolutionConfigurationPlatforms) = preSolution
		Debug|Any CPU = Debug|Any CPU
		Release|Any CPU = Release|Any CPU
	EndGlobalSection
	GlobalSection(ProjectConfigurationPlatforms) = postSolution
		{2285CFA7-2CA6-436D-B396-9B8DC0F016A2}.Debug|Any CPU.ActiveCfg = Debug|Any CPU
		{2285CFA7-2CA6-436D-B396-9B8DC0F016A2}.Debug|Any CPU.Build.0 = Debug|Any CPU
		{2285CFA7-2CA6-436D-B396-9B8DC0F016A2}.Release|Any CPU.ActiveCfg = Release|Any CPU
		{2285CFA7-2CA6-436D-B396-9B8DC0F016A2}.Release|Any CPU.Build.0 = Release|Any CPU
	EndGlobalSection
	GlobalSection(SolutionProperties) = preSolution
		HideSolutionNode = FALSE
	EndGlobalSection
	GlobalSection(ExtensibilityGlobals) = postSolution
		SolutionGuid = {2C672369-2144-4F7D-9EFE-6C5E39F5C663}
	EndGlobalSection
EndGlobal
